
Microsoft Visual Studio Solution File, Format Version 12.00
# Visual Studio Version 17
VisualStudioVersion = 17.2.32526.322
MinimumVisualStudioVersion = 10.0.40219.1
Project("{FAE04EC0-301F-11D3-BF4B-00C04F79EFBC}") = "MvcCubosAWSJPL", "MvcCubosAWSJPL\MvcCubosAWSJPL.csproj", "{7D2025EF-5717-4A2D-9A9E-7EF60282DC04}"
EndProject
Global
	GlobalSection(SolutionConfigurationPlatforms) = preSolution
		Debug|Any CPU = Debug|Any CPU
		Release|Any CPU = Release|Any CPU
	EndGlobalSection
	GlobalSection(ProjectConfigurationPlatforms) = postSolution
		{7D2025EF-5717-4A2D-9A9E-7EF60282DC04}.Debug|Any CPU.ActiveCfg = Debug|Any CPU
		{7D2025EF-5717-4A2D-9A9E-7EF60282DC04}.Debug|Any CPU.Build.0 = Debug|Any CPU
		{7D2025EF-5717-4A2D-9A9E-7EF60282DC04}.Release|Any CPU.ActiveCfg = Release|Any CPU
		{7D2025EF-5717-4A2D-9A9E-7EF60282DC04}.Release|Any CPU.Build.0 = Release|Any CPU
	EndGlobalSection
	GlobalSection(SolutionProperties) = preSolution
		HideSolutionNode = FALSE
	EndGlobalSection
	GlobalSection(ExtensibilityGlobals) = postSolution
		SolutionGuid = {61CA7683-8802-41B8-8BB4-807DC3BCEB79}
	EndGlobalSection
EndGlobal
